
Microsoft Visual Studio Solution File, Format Version 12.00
# Visual Studio Version 16
VisualStudioVersion = 16.0.31112.23
MinimumVisualStudioVersion = 10.0.40219.1
Project("{FAE04EC0-301F-11D3-BF4B-00C04F79EFBC}") = "WCDTD", "WCDTD\WCDTD.csproj", "{115D18C6-E93A-451C-95FE-E9D4F79197F9}"
EndProject
Project("{2150E333-8FDC-42A3-9474-1A3956D46DE8}") = "Solution Items", "Solution Items", "{830D05B1-33CD-487D-9B00-B8C9839FDCF4}"
EndProject
Project("{FAE04EC0-301F-11D3-BF4B-00C04F79EFBC}") = "MathsLibrary", "MathsLibrary\MathsLibrary.csproj", "{D3D53571-DA33-4D4E-B183-9030F9EFDDA5}"
EndProject
Project("{FAE04EC0-301F-11D3-BF4B-00C04F79EFBC}") = "MyClient", "MyClient\MyClient.csproj", "{25C7216F-205F-4FAC-B538-9AA1D9CF65D3}"
	ProjectSection(ProjectDependencies) = postProject
		{D3D53571-DA33-4D4E-B183-9030F9EFDDA5} = {D3D53571-DA33-4D4E-B183-9030F9EFDDA5}
	EndProjectSection
EndProject
Global
	GlobalSection(SolutionConfigurationPlatforms) = preSolution
		Debug|Any CPU = Debug|Any CPU
		Release|Any CPU = Release|Any CPU
	EndGlobalSection
	GlobalSection(ProjectConfigurationPlatforms) = postSolution
		{115D18C6-E93A-451C-95FE-E9D4F79197F9}.Debug|Any CPU.ActiveCfg = Debug|Any CPU
		{115D18C6-E93A-451C-95FE-E9D4F79197F9}.Debug|Any CPU.Build.0 = Debug|Any CPU
		{115D18C6-E93A-451C-95FE-E9D4F79197F9}.Release|Any CPU.ActiveCfg = Release|Any CPU
		{115D18C6-E93A-451C-95FE-E9D4F79197F9}.Release|Any CPU.Build.0 = Release|Any CPU
		{D3D53571-DA33-4D4E-B183-9030F9EFDDA5}.Debug|Any CPU.ActiveCfg = Debug|Any CPU
		{D3D53571-DA33-4D4E-B183-9030F9EFDDA5}.Debug|Any CPU.Build.0 = Debug|Any CPU
		{D3D53571-DA33-4D4E-B183-9030F9EFDDA5}.Release|Any CPU.ActiveCfg = Release|Any CPU
		{D3D53571-DA33-4D4E-B183-9030F9EFDDA5}.Release|Any CPU.Build.0 = Release|Any CPU
		{25C7216F-205F-4FAC-B538-9AA1D9CF65D3}.Debug|Any CPU.ActiveCfg = Debug|Any CPU
		{25C7216F-205F-4FAC-B538-9AA1D9CF65D3}.Debug|Any CPU.Build.0 = Debug|Any CPU
		{25C7216F-205F-4FAC-B538-9AA1D9CF65D3}.Release|Any CPU.ActiveCfg = Release|Any CPU
		{25C7216F-205F-4FAC-B538-9AA1D9CF65D3}.Release|Any CPU.Build.0 = Release|Any CPU
	EndGlobalSection
	GlobalSection(SolutionProperties) = preSolution
		HideSolutionNode = FALSE
	EndGlobalSection
	GlobalSection(ExtensibilityGlobals) = postSolution
		SolutionGuid = {05661B6D-1603-40B3-8AA7-008295A1541B}
	EndGlobalSection
EndGlobal
